
Microsoft Visual Studio Solution File, Format Version 12.00
# Visual Studio Version 17
VisualStudioVersion = 17.14.36429.23 d17.14
MinimumVisualStudioVersion = 10.0.40219.1
Project("{FAE04EC0-301F-11D3-BF4B-00C04F79EFBC}") = "Student Management System", "Student Management System.csproj", "{4A2549C8-9AA3-4763-BC5B-23CF82EE6D86}"
EndProject
Global
	GlobalSection(SolutionConfigurationPlatforms) = preSolution
		Debug|Any CPU = Debug|Any CPU
		Release|Any CPU = Release|Any CPU
	EndGlobalSection
	GlobalSection(ProjectConfigurationPlatforms) = postSolution
		{4A2549C8-9AA3-4763-BC5B-23CF82EE6D86}.Debug|Any CPU.ActiveCfg = Debug|Any CPU
		{4A2549C8-9AA3-4763-BC5B-23CF82EE6D86}.Debug|Any CPU.Build.0 = Debug|Any CPU
		{4A2549C8-9AA3-4763-BC5B-23CF82EE6D86}.Release|Any CPU.ActiveCfg = Release|Any CPU
		{4A2549C8-9AA3-4763-BC5B-23CF82EE6D86}.Release|Any CPU.Build.0 = Release|Any CPU
	EndGlobalSection
	GlobalSection(SolutionProperties) = preSolution
		HideSolutionNode = FALSE
	EndGlobalSection
	GlobalSection(ExtensibilityGlobals) = postSolution
		SolutionGuid = {D1E34E08-99EE-43B4-AC1D-703B0324A7B6}
	EndGlobalSection
EndGlobal
